hash: d8f476d6ef296761a0be7df1b01996c2af722069488724d738e9cd6ee99289a0
updated: 2017-02-20T11:46:02.92542731-08:00
imports:
- name: github.com/antlr/antlr4
  version: aacd2a2c95816d8dc1c05814051d631bfec4cf3e
  vcs: git
  subpackages:
  - runtime/Go/antlr
- name: github.com/dyweb/gommon
  version: 7aad4c9c1ff32b9473a816ba27158bf59bfec307
  vcs: git
  subpackages:
  - log
  - structure
- name: github.com/peterh/liner
  version: 3c5f577f62ec95a012ea48a58dd4de3c48222a35
  vcs: git
- name: github.com/pkg/errors
  version: 645ef00459ed84a119197bfb8d8205042c6df63d
  vcs: git
testImports: []
